
Microsoft Visual Studio Solution File, Format Version 12.00
# Visual Studio 14
VisualStudioVersion = 14.0.25420.1
MinimumVisualStudioVersion = 10.0.40219.1
Project("{FAE04EC0-301F-11D3-BF4B-00C04F79EFBC}") = "Task1", "Task1\Task1.csproj", "{B12541CC-E4ED-4E51-90B8-339D1F094DE5}"
EndProject
Project("{FAE04EC0-301F-11D3-BF4B-00C04F79EFBC}") = "Task1.Tests", "Task1.Tests\Task1.Tests.csproj", "{64A41BDE-1413-4400-A6AA-0DFFA9330902}"
EndProject
Global
	GlobalSection(SolutionConfigurationPlatforms) = preSolution
		Debug|Any CPU = Debug|Any CPU
		Release|Any CPU = Release|Any CPU
	EndGlobalSection
	GlobalSection(ProjectConfigurationPlatforms) = postSolution
		{B12541CC-E4ED-4E51-90B8-339D1F094DE5}.Debug|Any CPU.ActiveCfg = Debug|Any CPU
		{B12541CC-E4ED-4E51-90B8-339D1F094DE5}.Debug|Any CPU.Build.0 = Debug|Any CPU
		{B12541CC-E4ED-4E51-90B8-339D1F094DE5}.Release|Any CPU.ActiveCfg = Release|Any CPU
		{B12541CC-E4ED-4E51-90B8-339D1F094DE5}.Release|Any CPU.Build.0 = Release|Any CPU
		{64A41BDE-1413-4400-A6AA-0DFFA9330902}.Debug|Any CPU.ActiveCfg = Debug|Any CPU
		{64A41BDE-1413-4400-A6AA-0DFFA9330902}.Debug|Any CPU.Build.0 = Debug|Any CPU
		{64A41BDE-1413-4400-A6AA-0DFFA9330902}.Release|Any CPU.ActiveCfg = Release|Any CPU
		{64A41BDE-1413-4400-A6AA-0DFFA9330902}.Release|Any CPU.Build.0 = Release|Any CPU
	EndGlobalSection
	GlobalSection(SolutionProperties) = preSolution
		HideSolutionNode = FALSE
	EndGlobalSection
EndGlobal
